// !$*UTF8*$!
{
	archiveVersion = 1;
	classes = {
	};
	objectVersion = 46;
	objects = {

/* Begin PBXBuildFile section */
		8F8275031B3978130074C7A9 /* AppDelegate.swift in Sources */ = {isa = PBXBuildFile; fileRef = 8F8275021B3978130074C7A9 /* AppDelegate.swift */; };
		8F8275051B3978130074C7A9 /* ViewController.swift in Sources */ = {isa = PBXBuildFile; fileRef = 8F8275041B3978130074C7A9 /* ViewController.swift */; };
		8F8275081B3978130074C7A9 /* Main.storyboard in Resources */ = {isa = PBXBuildFile; fileRef = 8F8275061B3978130074C7A9 /* Main.storyboard */; };
		8F82750A1B3978130074C7A9 /* Images.xcassets in Resources */ = {isa = PBXBuildFile; fileRef = 8F8275091B3978130074C7A9 /* Images.xcassets */; };
		8F82750D1B3978130074C7A9 /* LaunchScreen.xib in Resources */ = {isa = PBXBuildFile; fileRef = 8F82750B1B3978130074C7A9 /* LaunchScreen.xib */; };
		8F8275191B3978130074C7A9 /* CircularRevealAnimatorTests.swift in Sources */ = {isa = PBXBuildFile; fileRef = 8F8275181B3978130074C7A9 /* CircularRevealAnimatorTests.swift */; };
		8F8275251B3978800074C7A9 /* CircularRevealAnimator.swift in Sources */ = {isa = PBXBuildFile; fileRef = 8F8275241B3978800074C7A9 /* CircularRevealAnimator.swift */; };
		8F8275271B397A980074C7A9 /* SecondViewController.swift in Sources */ = {isa = PBXBuildFile; fileRef = 8F8275261B397A980074C7A9 /* SecondViewController.swift */; };
/* End PBXBuildFile section */

/* Begin PBXContainerItemProxy section */
		8F8275131B3978130074C7A9 /* PBXContainerItemProxy */ = {
			isa = PBXContainerItemProxy;
			containerPortal = 8F8274F51B3978130074C7A9 /* Project object */;
			proxyType = 1;
			remoteGlobalIDString = 8F8274FC1B3978130074C7A9;
			remoteInfo = CircularRevealAnimator;
		};
/* End PBXContainerItemProxy section */

/* Begin PBXFileReference section */
		8F8274FD1B3978130074C7A9 /* CircularRevealAnimator.app */ = {isa = PBXFileReference; explicitFileType = wrapper.application; includeInIndex = 0; path = CircularRevealAnimator.app; sourceTree = BUILT_PRODUCTS_DIR; };
		8F8275011B3978130074C7A9 /* Info.plist */ = {isa = PBXFileReference; lastKnownFileType = text.plist.xml; name = Info.plist; path = Sample/Info.plist; sourceTree = "<group>"; };
		8F8275021B3978130074C7A9 /* AppDelegate.swift */ = {isa = PBXFileReference; lastKnownFileType = sourcecode.swift; name = AppDelegate.swift; path = CircularRevealAnimator/Sample/AppDelegate.swift; sourceTree = "<group>"; };
		8F8275041B3978130074C7A9 /* ViewController.swift */ = {isa = PBXFileReference; lastKnownFileType = sourcecode.swift; name = ViewController.swift; path = CircularRevealAnimator/Sample/ViewController.swift; sourceTree = "<group>"; };
		8F8275071B3978130074C7A9 /* Base */ = {isa = PBXFileReference; lastKnownFileType = file.storyboard; name = Base; path = Base.lproj/Main.storyboard; sourceTree = "<group>"; };
		8F8275091B3978130074C7A9 /* Images.xcassets */ = {isa = PBXFileReference; lastKnownFileType = folder.assetcatalog; name = Images.xcassets; path = CircularRevealAnimator/Sample/Images.xcassets; sourceTree = "<group>"; };
		8F82750C1B3978130074C7A9 /* Base */ = {isa = PBXFileReference; lastKnownFileType = file.xib; name = Base; path = Base.lproj/LaunchScreen.xib; sourceTree = "<group>"; };
		8F8275121B3978130074C7A9 /* CircularRevealAnimatorTests.xctest */ = {isa = PBXFileReference; explicitFileType = wrapper.cfbundle; includeInIndex = 0; path = CircularRevealAnimatorTests.xctest; sourceTree = BUILT_PRODUCTS_DIR; };
		8F8275171B3978130074C7A9 /* Info.plist */ = {isa = PBXFileReference; lastKnownFileType = text.plist.xml; path = Info.plist; sourceTree = "<group>"; };
		8F8275181B3978130074C7A9 /* CircularRevealAnimatorTests.swift */ = {isa = PBXFileReference; lastKnownFileType = sourcecode.swift; path = CircularRevealAnimatorTests.swift; sourceTree = "<group>"; };
		8F8275241B3978800074C7A9 /* CircularRevealAnimator.swift */ = {isa = PBXFileReference; fileEncoding = 4; lastKnownFileType = sourcecode.swift; name = CircularRevealAnimator.swift; path = CircularRevealAnimator/CircularRevealAnimator.swift; sourceTree = "<group>"; };
		8F8275261B397A980074C7A9 /* SecondViewController.swift */ = {isa = PBXFileReference; fileEncoding = 4; lastKnownFileType = sourcecode.swift; name = SecondViewController.swift; path = CircularRevealAnimator/Sample/SecondViewController.swift; sourceTree = "<group>"; };
/* End PBXFileReference section */

/* Begin PBXFrameworksBuildPhase section */
		8F8274FA1B3978130074C7A9 /* Frameworks */ = {
			isa = PBXFrameworksBuildPhase;
			buildActionMask = 2147483647;
			files = (
			);
			runOnlyForDeploymentPostprocessing = 0;
		};
		8F82750F1B3978130074C7A9 /* Frameworks */ = {
			isa = PBXFrameworksBuildPhase;
			buildActionMask = 2147483647;
			files = (
			);
			runOnlyForDeploymentPostprocessing = 0;
		};
/* End PBXFrameworksBuildPhase section */

/* Begin PBXGroup section */
		8F8274F41B3978130074C7A9 = {
			isa = PBXGroup;
			children = (
				8F8275221B3978210074C7A9 /* Sample */,
				8F8274FF1B3978130074C7A9 /* CircularRevealAnimator */,
				8F8275151B3978130074C7A9 /* CircularRevealAnimatorTests */,
				8F8274FE1B3978130074C7A9 /* Products */,
			);
			sourceTree = "<group>";
		};
		8F8274FE1B3978130074C7A9 /* Products */ = {
			isa = PBXGroup;
			children = (
				8F8274FD1B3978130074C7A9 /* CircularRevealAnimator.app */,
				8F8275121B3978130074C7A9 /* CircularRevealAnimatorTests.xctest */,
			);
			name = Products;
			sourceTree = "<group>";
		};
		8F8274FF1B3978130074C7A9 /* CircularRevealAnimator */ = {
			isa = PBXGroup;
			children = (
				8F8275241B3978800074C7A9 /* CircularRevealAnimator.swift */,
			);
			path = CircularRevealAnimator;
			sourceTree = "<group>";
		};
		8F8275001B3978130074C7A9 /* Supporting Files */ = {
			isa = PBXGroup;
			children = (
				8F8275011B3978130074C7A9 /* Info.plist */,
			);
			name = "Supporting Files";
			path = CircularRevealAnimator;
			sourceTree = "<group>";
		};
		8F8275151B3978130074C7A9 /* CircularRevealAnimatorTests */ = {
			isa = PBXGroup;
			children = (
				8F8275181B3978130074C7A9 /* CircularRevealAnimatorTests.swift */,
				8F8275161B3978130074C7A9 /* Supporting Files */,
			);
			path = CircularRevealAnimatorTests;
			sourceTree = "<group>";
		};
		8F8275161B3978130074C7A9 /* Supporting Files */ = {
			isa = PBXGroup;
			children = (
				8F8275171B3978130074C7A9 /* Info.plist */,
			);
			name = "Supporting Files";
			sourceTree = "<group>";
		};
		8F8275221B3978210074C7A9 /* Sample */ = {
			isa = PBXGroup;
			children = (
				8F8275021B3978130074C7A9 /* AppDelegate.swift */,
				8F8275041B3978130074C7A9 /* ViewController.swift */,
				8F8275261B397A980074C7A9 /* SecondViewController.swift */,
				8F8275061B3978130074C7A9 /* Main.storyboard */,
				8F8275091B3978130074C7A9 /* Images.xcassets */,
				8F82750B1B3978130074C7A9 /* LaunchScreen.xib */,
				8F8275001B3978130074C7A9 /* Supporting Files */,
			);
			name = Sample;
			sourceTree = "<group>";
		};
/* End PBXGroup section */

/* Begin PBXNativeTarget section */
		8F8274FC1B3978130074C7A9 /* CircularRevealAnimator */ = {
			isa = PBXNativeTarget;
			buildConfigurationList = 8F82751C1B3978130074C7A9 /* Build configuration list for PBXNativeTarget "CircularRevealAnimator" */;
			buildPhases = (
				8F8274F91B3978130074C7A9 /* Sources */,
				8F8274FA1B3978130074C7A9 /* Frameworks */,
				8F8274FB1B3978130074C7A9 /* Resources */,
			);
			buildRules = (
			);
			dependencies = (
			);
			name = CircularRevealAnimator;
			productName = CircularRevealAnimator;
			productReference = 8F8274FD1B3978130074C7A9 /* CircularRevealAnimator.app */;
			productType = "com.apple.product-type.application";
		};
		8F8275111B3978130074C7A9 /* CircularRevealAnimatorTests */ = {
			isa = PBXNativeTarget;
			buildConfigurationList = 8F82751F1B3978130074C7A9 /* Build configuration list for PBXNativeTarget "CircularRevealAnimatorTests" */;
			buildPhases = (
				8F82750E1B3978130074C7A9 /* Sources */,
				8F82750F1B3978130074C7A9 /* Frameworks */,
				8F8275101B3978130074C7A9 /* Resources */,
			);
			buildRules = (
			);
			dependencies = (
				8F8275141B3978130074C7A9 /* PBXTargetDependency */,
			);
			name = CircularRevealAnimatorTests;
			productName = CircularRevealAnimatorTests;
			productReference = 8F8275121B3978130074C7A9 /* CircularRevealAnimatorTests.xctest */;
			productType = "com.apple.product-type.bundle.unit-test";
		};
/* End PBXNativeTarget section */

/* Begin PBXProject section */
		8F8274F51B3978130074C7A9 /* Project object */ = {
			isa = PBXProject;
			attributes = {
				LastUpgradeCheck = 0630;
				ORGANIZATIONNAME = "木藤 紘介";
				TargetAttributes = {
					8F8274FC1B3978130074C7A9 = {
						CreatedOnToolsVersion = 6.3.2;
					};
					8F8275111B3978130074C7A9 = {
						CreatedOnToolsVersion = 6.3.2;
						TestTargetID = 8F8274FC1B3978130074C7A9;
					};
				};
			};
			buildConfigurationList = 8F8274F81B3978130074C7A9 /* Build configuration list for PBXProject "CircularRevealAnimator" */;
			compatibilityVersion = "Xcode 3.2";
			developmentRegion = English;
			hasScannedForEncodings = 0;
			knownRegions = (
				en,
				Base,
			);
			mainGroup = 8F8274F41B3978130074C7A9;
			productRefGroup = 8F8274FE1B3978130074C7A9 /* Products */;
			projectDirPath = "";
			projectRoot = "";
			targets = (
				8F8274FC1B3978130074C7A9 /* CircularRevealAnimator */,
				8F8275111B3978130074C7A9 /* CircularRevealAnimatorTests */,
			);
		};
/* End PBXProject section */

/* Begin PBXResourcesBuildPhase section */
		8F8274FB1B3978130074C7A9 /* Resources */ = {
			isa = PBXResourcesBuildPhase;
			buildActionMask = 2147483647;
			files = (
				8F8275081B3978130074C7A9 /* Main.storyboard in Resources */,
				8F82750D1B3978130074C7A9 /* LaunchScreen.xib in Resources */,
				8F82750A1B3978130074C7A9 /* Images.xcassets in Resources */,
			);
			runOnlyForDeploymentPostprocessing = 0;
		};
		8F8275101B3978130074C7A9 /* Resources */ = {
			isa = PBXResourcesBuildPhase;
			buildActionMask = 2147483647;
			files = (
			);
			runOnlyForDeploymentPostprocessing = 0;
		};
/* End PBXResourcesBuildPhase section */

/* Begin PBXSourcesBuildPhase section */
		8F8274F91B3978130074C7A9 /* Sources */ = {
			isa = PBXSourcesBuildPhase;
			buildActionMask = 2147483647;
			files = (
				8F8275271B397A980074C7A9 /* SecondViewController.swift in Sources */,
				8F8275051B3978130074C7A9 /* ViewController.swift in Sources */,
				8F8275251B3978800074C7A9 /* CircularRevealAnimator.swift in Sources */,
				8F8275031B3978130074C7A9 /* AppDelegate.swift in Sources */,
			);
			runOnlyForDeploymentPostprocessing = 0;
		};
		8F82750E1B3978130074C7A9 /* Sources */ = {
			isa = PBXSourcesBuildPhase;
			buildActionMask = 2147483647;
			files = (
				8F8275191B3978130074C7A9 /* CircularRevealAnimatorTests.swift in Sources */,
			);
			runOnlyForDeploymentPostprocessing = 0;
		};
/* End PBXSourcesBuildPhase section */

/* Begin PBXTargetDependency section */
		8F8275141B3978130074C7A9 /* PBXTargetDependency */ = {
			isa = PBXTargetDependency;
			target = 8F8274FC1B3978130074C7A9 /* CircularRevealAnimator */;
			targetProxy = 8F8275131B3978130074C7A9 /* PBXContainerItemProxy */;
		};
/* End PBXTargetDependency section */

/* Begin PBXVariantGroup section */
		8F8275061B3978130074C7A9 /* Main.storyboard */ = {
			isa = PBXVariantGroup;
			children = (
				8F8275071B3978130074C7A9 /* Base */,
			);
			name = Main.storyboard;
			path = CircularRevealAnimator/Sample;
			sourceTree = "<group>";
		};
		8F82750B1B3978130074C7A9 /* LaunchScreen.xib */ = {
			isa = PBXVariantGroup;
			children = (
				8F82750C1B3978130074C7A9 /* Base */,
			);
			name = LaunchScreen.xib;
			path = CircularRevealAnimator/Sample;
			sourceTree = "<group>";
		};
/* End PBXVariantGroup section */

/* Begin XCBuildConfiguration section */
		8F82751A1B3978130074C7A9 /* Debug */ = {
			isa = XCBuildConfiguration;
			buildSettings = {
				ALWAYS_SEARCH_USER_PATHS = NO;
				CLANG_CXX_LANGUAGE_STANDARD = "gnu++0x";
				CLANG_CXX_LIBRARY = "libc++";
				CLANG_ENABLE_MODULES = YES;
				CLANG_ENABLE_OBJC_ARC = YES;
				CLANG_WARN_BOOL_CONVERSION = YES;
				CLANG_WARN_CONSTANT_CONVERSION = YES;
				CLANG_WARN_DIRECT_OBJC_ISA_USAGE = YES_ERROR;
				CLANG_WARN_EMPTY_BODY = YES;
				CLANG_WARN_ENUM_CONVERSION = YES;
				CLANG_WARN_INT_CONVERSION = YES;
				CLANG_WARN_OBJC_ROOT_CLASS = YES_ERROR;
				CLANG_WARN_UNREACHABLE_CODE = YES;
				CLANG_WARN__DUPLICATE_METHOD_MATCH = YES;
				"CODE_SIGN_IDENTITY[sdk=iphoneos*]" = "iPhone Developer";
				COPY_PHASE_STRIP = NO;
				DEBUG_INFORMATION_FORMAT = "dwarf-with-dsym";
				ENABLE_STRICT_OBJC_MSGSEND = YES;
				GCC_C_LANGUAGE_STANDARD = gnu99;
				GCC_DYNAMIC_NO_PIC = NO;
				GCC_NO_COMMON_BLOCKS = YES;
				GCC_OPTIMIZATION_LEVEL = 0;
				GCC_PREPROCESSOR_DEFINITIONS = (
					"DEBUG=1",
					"$(inherited)",
				);
				GCC_SYMBOLS_PRIVATE_EXTERN = NO;
				GCC_WARN_64_TO_32_BIT_CONVERSION = YES;
				GCC_WARN_ABOUT_RETURN_TYPE = YES_ERROR;
				GCC_WARN_UNDECLARED_SELECTOR = YES;
				GCC_WARN_UNINITIALIZED_AUTOS = YES_AGGRESSIVE;
				GCC_WARN_UNUSED_FUNCTION = YES;
				GCC_WARN_UNUSED_VARIABLE = YES;
				IPHONEOS_DEPLOYMENT_TARGET = 8.3;
				MTL_ENABLE_DEBUG_INFO = YES;
				ONLY_ACTIVE_ARCH = YES;
				SDKROOT = iphoneos;
				SWIFT_OPTIMIZATION_LEVEL = "-Onone";
				TARGETED_DEVICE_FAMILY = "1,2";
			};
			name = Debug;
		};
		8F82751B1B3978130074C7A9 /* Release */ = {
			isa = XCBuildConfiguration;
			buildSettings = {
				ALWAYS_SEARCH_USER_PATHS = NO;
				CLANG_CXX_LANGUAGE_STANDARD = "gnu++0x";
				CLANG_CXX_LIBRARY = "libc++";
				CLANG_ENABLE_MODULES = YES;
				CLANG_ENABLE_OBJC_ARC = YES;
				CLANG_WARN_BOOL_CONVERSION = YES;
				CLANG_WARN_CONSTANT_CONVERSION = YES;
				CLANG_WARN_DIRECT_OBJC_ISA_USAGE = YES_ERROR;
				CLANG_WARN_EMPTY_BODY = YES;
				CLANG_WARN_ENUM_CONVERSION = YES;
				CLANG_WARN_INT_CONVERSION = YES;
				CLANG_WARN_OBJC_ROOT_CLASS = YES_ERROR;
				CLANG_WARN_UNREACHABLE_CODE = YES;
				CLANG_WARN__DUPLICATE_METHOD_MATCH = YES;
				"CODE_SIGN_IDENTITY[sdk=iphoneos*]" = "iPhone Developer";
				COPY_PHASE_STRIP = NO;
				DEBUG_INFORMATION_FORMAT = "dwarf-with-dsym";
				ENABLE_NS_ASSERTIONS = NO;
				ENABLE_STRICT_OBJC_MSGSEND = YES;
				GCC_C_LANGUAGE_STANDARD = gnu99;
				GCC_NO_COMMON_BLOCKS = YES;
				GCC_WARN_64_TO_32_BIT_CONVERSION = YES;
				GCC_WARN_ABOUT_RETURN_TYPE = YES_ERROR;
				GCC_WARN_UNDECLARED_SELECTOR = YES;
				GCC_WARN_UNINITIALIZED_AUTOS = YES_AGGRESSIVE;
				GCC_WARN_UNUSED_FUNCTION = YES;
				GCC_WARN_UNUSED_VARIABLE = YES;
				IPHONEOS_DEPLOYMENT_TARGET = 8.3;
				MTL_ENABLE_DEBUG_INFO = NO;
				SDKROOT = iphoneos;
				TARGETED_DEVICE_FAMILY = "1,2";
				VALIDATE_PRODUCT = YES;
			};
			name = Release;
		};
		8F82751D1B3978130074C7A9 /* Debug */ = {
			isa = XCBuildConfiguration;
			buildSettings = {
				ASSETCATALOG_COMPILER_APPICON_NAME = AppIcon;
				INFOPLIST_FILE = CircularRevealAnimator/Sample/Info.plist;
				LD_RUNPATH_SEARCH_PATHS = "$(inherited) @executable_path/Frameworks";
				PRODUCT_NAME = "$(TARGET_NAME)";
			};
			name = Debug;
		};
		8F82751E1B3978130074C7A9 /* Release */ = {
			isa = XCBuildConfiguration;
			buildSettings = {
				ASSETCATALOG_COMPILER_APPICON_NAME = AppIcon;
				INFOPLIST_FILE = CircularRevealAnimator/Sample/Info.plist;
				LD_RUNPATH_SEARCH_PATHS = "$(inherited) @executable_path/Frameworks";
				PRODUCT_NAME = "$(TARGET_NAME)";
			};
			name = Release;
		};
		8F8275201B3978130074C7A9 /* Debug */ = {
			isa = XCBuildConfiguration;
			buildSettings = {
				BUNDLE_LOADER = "$(TEST_HOST)";
				FRAMEWORK_SEARCH_PATHS = (
					"$(SDKROOT)/Developer/Library/Frameworks",
					"$(inherited)",
				);
				GCC_PREPROCESSOR_DEFINITIONS = (
					"DEBUG=1",
					"$(inherited)",
				);
				INFOPLIST_FILE = CircularRevealAnimatorTests/Info.plist;
				LD_RUNPATH_SEARCH_PATHS = "$(inherited) @executable_path/Frameworks @loader_path/Frameworks";
				PRODUCT_NAME = "$(TARGET_NAME)";
				TEST_HOST = "$(BUILT_PRODUCTS_DIR)/CircularRevealAnimator.app/CircularRevealAnimator";
			};
			name = Debug;
		};
		8F8275211B3978130074C7A9 /* Release */ = {
			isa = XCBuildConfiguration;
			buildSettings = {
				BUNDLE_LOADER = "$(TEST_HOST)";
				FRAMEWORK_SEARCH_PATHS = (
					"$(SDKROOT)/Developer/Library/Frameworks",
					"$(inherited)",
				);
				INFOPLIST_FILE = CircularRevealAnimatorTests/Info.plist;
				LD_RUNPATH_SEARCH_PATHS = "$(inherited) @executable_path/Frameworks @loader_path/Frameworks";
				PRODUCT_NAME = "$(TARGET_NAME)";
				TEST_HOST = "$(BUILT_PRODUCTS_DIR)/CircularRevealAnimator.app/CircularRevealAnimator";
			};
			name = Release;
		};
/* End XCBuildConfiguration section */

/* Begin XCConfigurationList section */
		8F8274F81B3978130074C7A9 /* Build configuration list for PBXProject "CircularRevealAnimator" */ = {
			isa = XCConfigurationList;
			buildConfigurations = (
				8F82751A1B3978130074C7A9 /* Debug */,
				8F82751B1B3978130074C7A9 /* Release */,
			);
			defaultConfigurationIsVisible = 0;
			defaultConfigurationName = Release;
		};
		8F82751C1B3978130074C7A9 /* Build configuration list for PBXNativeTarget "CircularRevealAnimator" */ = {
			isa = XCConfigurationList;
			buildConfigurations = (
				8F82751D1B3978130074C7A9 /* Debug */,
				8F82751E1B3978130074C7A9 /* Release */,
			);
			defaultConfigurationIsVisible = 0;
		};
		8F82751F1B3978130074C7A9 /* Build configuration list for PBXNativeTarget "CircularRevealAnimatorTests" */ = {
			isa = XCConfigurationList;
			buildConfigurations = (
				8F8275201B3978130074C7A9 /* Debug */,
				8F8275211B3978130074C7A9 /* Release */,
			);
			defaultConfigurationIsVisible = 0;
		};
/* End XCConfigurationList section */
	};
	rootObject = 8F8274F51B3978130074C7A9 /* Project object */;
}
